
Microsoft Visual Studio Solution File, Format Version 12.00
# Visual Studio 15
VisualStudioVersion = 15.0.28307.852
MinimumVisualStudioVersion = 10.0.40219.1
Project("{FAE04EC0-301F-11D3-BF4B-00C04F79EFBC}") = "TC3-ADS-OnlineChangeAutomate", "TC3-ADS-OnlineChangeAutomate\TC3-ADS-OnlineChangeAutomate.csproj", "{648F3C5D-150C-4300-8231-DFEBF03B0FEC}"
EndProject
Global
	GlobalSection(SolutionConfigurationPlatforms) = preSolution
		Debug|Any CPU = Debug|Any CPU
		Release|Any CPU = Release|Any CPU
	EndGlobalSection
	GlobalSection(ProjectConfigurationPlatforms) = postSolution
		{648F3C5D-150C-4300-8231-DFEBF03B0FEC}.Debug|Any CPU.ActiveCfg = Debug|Any CPU
		{648F3C5D-150C-4300-8231-DFEBF03B0FEC}.Debug|Any CPU.Build.0 = Debug|Any CPU
		{648F3C5D-150C-4300-8231-DFEBF03B0FEC}.Release|Any CPU.ActiveCfg = Release|Any CPU
		{648F3C5D-150C-4300-8231-DFEBF03B0FEC}.Release|Any CPU.Build.0 = Release|Any CPU
	EndGlobalSection
	GlobalSection(SolutionProperties) = preSolution
		HideSolutionNode = FALSE
	EndGlobalSection
	GlobalSection(ExtensibilityGlobals) = postSolution
		SolutionGuid = {E2B46ABF-6914-4663-8749-54F862762D50}
	EndGlobalSection
EndGlobal
